
Microsoft Visual Studio Solution File, Format Version 12.00
# Visual Studio Version 17
VisualStudioVersion = 17.11.35219.272
MinimumVisualStudioVersion = 10.0.40219.1
Project("{FAE04EC0-301F-11D3-BF4B-00C04F79EFBC}") = "Dovs.CommonComponents", "Dovs.CommonComponents\Dovs.CommonComponents.csproj", "{A635BF5E-A404-4DF9-8719-AD0D56C4244F}"
EndProject
Global
	GlobalSection(SolutionConfigurationPlatforms) = preSolution
		Debug|Any CPU = Debug|Any CPU
		Release|Any CPU = Release|Any CPU
	EndGlobalSection
	GlobalSection(ProjectConfigurationPlatforms) = postSolution
		{A635BF5E-A404-4DF9-8719-AD0D56C4244F}.Debug|Any CPU.ActiveCfg = Debug|Any CPU
		{A635BF5E-A404-4DF9-8719-AD0D56C4244F}.Debug|Any CPU.Build.0 = Debug|Any CPU
		{A635BF5E-A404-4DF9-8719-AD0D56C4244F}.Release|Any CPU.ActiveCfg = Release|Any CPU
		{A635BF5E-A404-4DF9-8719-AD0D56C4244F}.Release|Any CPU.Build.0 = Release|Any CPU
	EndGlobalSection
	GlobalSection(SolutionProperties) = preSolution
		HideSolutionNode = FALSE
	EndGlobalSection
	GlobalSection(ExtensibilityGlobals) = postSolution
		SolutionGuid = {E3C2A264-6CF9-4895-B724-43F581DA45CB}
	EndGlobalSection
EndGlobal
